// !$*UTF8*$!
{
	archiveVersion = 1;
	classes = {
	};
	objectVersion = 55;
	objects = {

/* Begin PBXBuildFile section */
		07B18BC12823DBF600E059D2 /* AppDelegate.swift in Sources */ = {isa = PBXBuildFile; fileRef = 07B18BC02823DBF600E059D2 /* AppDelegate.swift */; };
		07B18BC32823DBF600E059D2 /* SceneDelegate.swift in Sources */ = {isa = PBXBuildFile; fileRef = 07B18BC22823DBF600E059D2 /* SceneDelegate.swift */; };
		07B18BC52823DBF600E059D2 /* ViewController.swift in Sources */ = {isa = PBXBuildFile; fileRef = 07B18BC42823DBF600E059D2 /* ViewController.swift */; };
		07B18BC82823DBF600E059D2 /* Main.storyboard in Resources */ = {isa = PBXBuildFile; fileRef = 07B18BC62823DBF600E059D2 /* Main.storyboard */; };
		07B18BCA2823DBFB00E059D2 /* Assets.xcassets in Resources */ = {isa = PBXBuildFile; fileRef = 07B18BC92823DBFB00E059D2 /* Assets.xcassets */; };
		07B18BCD2823DBFB00E059D2 /* LaunchScreen.storyboard in Resources */ = {isa = PBXBuildFile; fileRef = 07B18BCB2823DBFB00E059D2 /* LaunchScreen.storyboard */; };
		07B18BD82823DBFB00E059D2 /* PorttoTests.swift in Sources */ = {isa = PBXBuildFile; fileRef = 07B18BD72823DBFB00E059D2 /* PorttoTests.swift */; };
		07B18BE22823DBFB00E059D2 /* PorttoUITests.swift in Sources */ = {isa = PBXBuildFile; fileRef = 07B18BE12823DBFB00E059D2 /* PorttoUITests.swift */; };
		07B18BE42823DBFB00E059D2 /* PorttoUITestsLaunchTests.swift in Sources */ = {isa = PBXBuildFile; fileRef = 07B18BE32823DBFB00E059D2 /* PorttoUITestsLaunchTests.swift */; };
/* End PBXBuildFile section */

/* Begin PBXContainerItemProxy section */
		07B18BD42823DBFB00E059D2 /* PBXContainerItemProxy */ = {
			isa = PBXContainerItemProxy;
			containerPortal = 07B18BB52823DBF600E059D2 /* Project object */;
			proxyType = 1;
			remoteGlobalIDString = 07B18BBC2823DBF600E059D2;
			remoteInfo = Portto;
		};
		07B18BDE2823DBFB00E059D2 /* PBXContainerItemProxy */ = {
			isa = PBXContainerItemProxy;
			containerPortal = 07B18BB52823DBF600E059D2 /* Project object */;
			proxyType = 1;
			remoteGlobalIDString = 07B18BBC2823DBF600E059D2;
			remoteInfo = Portto;
		};
/* End PBXContainerItemProxy section */

/* Begin PBXFileReference section */
		07B18BBD2823DBF600E059D2 /* Portto.app */ = {isa = PBXFileReference; explicitFileType = wrapper.application; includeInIndex = 0; path = Portto.app; sourceTree = BUILT_PRODUCTS_DIR; };
		07B18BC02823DBF600E059D2 /* AppDelegate.swift */ = {isa = PBXFileReference; lastKnownFileType = sourcecode.swift; path = AppDelegate.swift; sourceTree = "<group>"; };
		07B18BC22823DBF600E059D2 /* SceneDelegate.swift */ = {isa = PBXFileReference; lastKnownFileType = sourcecode.swift; path = SceneDelegate.swift; sourceTree = "<group>"; };
		07B18BC42823DBF600E059D2 /* ViewController.swift */ = {isa = PBXFileReference; lastKnownFileType = sourcecode.swift; path = ViewController.swift; sourceTree = "<group>"; };
		07B18BC72823DBF600E059D2 /* Base */ = {isa = PBXFileReference; lastKnownFileType = file.storyboard; name = Base; path = Base.lproj/Main.storyboard; sourceTree = "<group>"; };
		07B18BC92823DBFB00E059D2 /* Assets.xcassets */ = {isa = PBXFileReference; lastKnownFileType = folder.assetcatalog; path = Assets.xcassets; sourceTree = "<group>"; };
		07B18BCC2823DBFB00E059D2 /* Base */ = {isa = PBXFileReference; lastKnownFileType = file.storyboard; name = Base; path = Base.lproj/LaunchScreen.storyboard; sourceTree = "<group>"; };
		07B18BCE2823DBFB00E059D2 /* Info.plist */ = {isa = PBXFileReference; lastKnownFileType = text.plist.xml; path = Info.plist; sourceTree = "<group>"; };
		07B18BD32823DBFB00E059D2 /* PorttoTests.xctest */ = {isa = PBXFileReference; explicitFileType = wrapper.cfbundle; includeInIndex = 0; path = PorttoTests.xctest; sourceTree = BUILT_PRODUCTS_DIR; };
		07B18BD72823DBFB00E059D2 /* PorttoTests.swift */ = {isa = PBXFileReference; lastKnownFileType = sourcecode.swift; path = PorttoTests.swift; sourceTree = "<group>"; };
		07B18BDD2823DBFB00E059D2 /* PorttoUITests.xctest */ = {isa = PBXFileReference; explicitFileType = wrapper.cfbundle; includeInIndex = 0; path = PorttoUITests.xctest; sourceTree = BUILT_PRODUCTS_DIR; };
		07B18BE12823DBFB00E059D2 /* PorttoUITests.swift */ = {isa = PBXFileReference; lastKnownFileType = sourcecode.swift; path = PorttoUITests.swift; sourceTree = "<group>"; };
		07B18BE32823DBFB00E059D2 /* PorttoUITestsLaunchTests.swift */ = {isa = PBXFileReference; lastKnownFileType = sourcecode.swift; path = PorttoUITestsLaunchTests.swift; sourceTree = "<group>"; };
/* End PBXFileReference section */

/* Begin PBXFrameworksBuildPhase section */
		07B18BBA2823DBF600E059D2 /* Frameworks */ = {
			isa = PBXFrameworksBuildPhase;
			buildActionMask = 2147483647;
			files = (
			);
			runOnlyForDeploymentPostprocessing = 0;
		};
		07B18BD02823DBFB00E059D2 /* Frameworks */ = {
			isa = PBXFrameworksBuildPhase;
			buildActionMask = 2147483647;
			files = (
			);
			runOnlyForDeploymentPostprocessing = 0;
		};
		07B18BDA2823DBFB00E059D2 /* Frameworks */ = {
			isa = PBXFrameworksBuildPhase;
			buildActionMask = 2147483647;
			files = (
			);
			runOnlyForDeploymentPostprocessing = 0;
		};
/* End PBXFrameworksBuildPhase section */

/* Begin PBXGroup section */
		07B18BB42823DBF600E059D2 = {
			isa = PBXGroup;
			children = (
				07B18BBF2823DBF600E059D2 /* Portto */,
				07B18BD62823DBFB00E059D2 /* PorttoTests */,
				07B18BE02823DBFB00E059D2 /* PorttoUITests */,
				07B18BBE2823DBF600E059D2 /* Products */,
			);
			sourceTree = "<group>";
		};
		07B18BBE2823DBF600E059D2 /* Products */ = {
			isa = PBXGroup;
			children = (
				07B18BBD2823DBF600E059D2 /* Portto.app */,
				07B18BD32823DBFB00E059D2 /* PorttoTests.xctest */,
				07B18BDD2823DBFB00E059D2 /* PorttoUITests.xctest */,
			);
			name = Products;
			sourceTree = "<group>";
		};
		07B18BBF2823DBF600E059D2 /* Portto */ = {
			isa = PBXGroup;
			children = (
				07B18BC02823DBF600E059D2 /* AppDelegate.swift */,
				07B18BC22823DBF600E059D2 /* SceneDelegate.swift */,
				07B18BC42823DBF600E059D2 /* ViewController.swift */,
				07B18BC62823DBF600E059D2 /* Main.storyboard */,
				07B18BC92823DBFB00E059D2 /* Assets.xcassets */,
				07B18BCB2823DBFB00E059D2 /* LaunchScreen.storyboard */,
				07B18BCE2823DBFB00E059D2 /* Info.plist */,
			);
			path = Portto;
			sourceTree = "<group>";
		};
		07B18BD62823DBFB00E059D2 /* PorttoTests */ = {
			isa = PBXGroup;
			children = (
				07B18BD72823DBFB00E059D2 /* PorttoTests.swift */,
			);
			path = PorttoTests;
			sourceTree = "<group>";
		};
		07B18BE02823DBFB00E059D2 /* PorttoUITests */ = {
			isa = PBXGroup;
			children = (
				07B18BE12823DBFB00E059D2 /* PorttoUITests.swift */,
				07B18BE32823DBFB00E059D2 /* PorttoUITestsLaunchTests.swift */,
			);
			path = PorttoUITests;
			sourceTree = "<group>";
		};
/* End PBXGroup section */

/* Begin PBXNativeTarget section */
		07B18BBC2823DBF600E059D2 /* Portto */ = {
			isa = PBXNativeTarget;
			buildConfigurationList = 07B18BE72823DBFB00E059D2 /* Build configuration list for PBXNativeTarget "Portto" */;
			buildPhases = (
				07B18BB92823DBF600E059D2 /* Sources */,
				07B18BBA2823DBF600E059D2 /* Frameworks */,
				07B18BBB2823DBF600E059D2 /* Resources */,
			);
			buildRules = (
			);
			dependencies = (
			);
			name = Portto;
			productName = Portto;
			productReference = 07B18BBD2823DBF600E059D2 /* Portto.app */;
			productType = "com.apple.product-type.application";
		};
		07B18BD22823DBFB00E059D2 /* PorttoTests */ = {
			isa = PBXNativeTarget;
			buildConfigurationList = 07B18BEA2823DBFB00E059D2 /* Build configuration list for PBXNativeTarget "PorttoTests" */;
			buildPhases = (
				07B18BCF2823DBFB00E059D2 /* Sources */,
				07B18BD02823DBFB00E059D2 /* Frameworks */,
				07B18BD12823DBFB00E059D2 /* Resources */,
			);
			buildRules = (
			);
			dependencies = (
				07B18BD52823DBFB00E059D2 /* PBXTargetDependency */,
			);
			name = PorttoTests;
			productName = PorttoTests;
			productReference = 07B18BD32823DBFB00E059D2 /* PorttoTests.xctest */;
			productType = "com.apple.product-type.bundle.unit-test";
		};
		07B18BDC2823DBFB00E059D2 /* PorttoUITests */ = {
			isa = PBXNativeTarget;
			buildConfigurationList = 07B18BED2823DBFB00E059D2 /* Build configuration list for PBXNativeTarget "PorttoUITests" */;
			buildPhases = (
				07B18BD92823DBFB00E059D2 /* Sources */,
				07B18BDA2823DBFB00E059D2 /* Frameworks */,
				07B18BDB2823DBFB00E059D2 /* Resources */,
			);
			buildRules = (
			);
			dependencies = (
				07B18BDF2823DBFB00E059D2 /* PBXTargetDependency */,
			);
			name = PorttoUITests;
			productName = PorttoUITests;
			productReference = 07B18BDD2823DBFB00E059D2 /* PorttoUITests.xctest */;
			productType = "com.apple.product-type.bundle.ui-testing";
		};
/* End PBXNativeTarget section */

/* Begin PBXProject section */
		07B18BB52823DBF600E059D2 /* Project object */ = {
			isa = PBXProject;
			attributes = {
				BuildIndependentTargetsInParallel = 1;
				LastSwiftUpdateCheck = 1320;
				LastUpgradeCheck = 1320;
				TargetAttributes = {
					07B18BBC2823DBF600E059D2 = {
						CreatedOnToolsVersion = 13.2.1;
					};
					07B18BD22823DBFB00E059D2 = {
						CreatedOnToolsVersion = 13.2.1;
						TestTargetID = 07B18BBC2823DBF600E059D2;
					};
					07B18BDC2823DBFB00E059D2 = {
						CreatedOnToolsVersion = 13.2.1;
						TestTargetID = 07B18BBC2823DBF600E059D2;
					};
				};
			};
			buildConfigurationList = 07B18BB82823DBF600E059D2 /* Build configuration list for PBXProject "Portto" */;
			compatibilityVersion = "Xcode 13.0";
			developmentRegion = en;
			hasScannedForEncodings = 0;
			knownRegions = (
				en,
				Base,
			);
			mainGroup = 07B18BB42823DBF600E059D2;
			productRefGroup = 07B18BBE2823DBF600E059D2 /* Products */;
			projectDirPath = "";
			projectRoot = "";
			targets = (
				07B18BBC2823DBF600E059D2 /* Portto */,
				07B18BD22823DBFB00E059D2 /* PorttoTests */,
				07B18BDC2823DBFB00E059D2 /* PorttoUITests */,
			);
		};
/* End PBXProject section */

/* Begin PBXResourcesBuildPhase section */
		07B18BBB2823DBF600E059D2 /* Resources */ = {
			isa = PBXResourcesBuildPhase;
			buildActionMask = 2147483647;
			files = (
				07B18BCD2823DBFB00E059D2 /* LaunchScreen.storyboard in Resources */,
				07B18BCA2823DBFB00E059D2 /* Assets.xcassets in Resources */,
				07B18BC82823DBF600E059D2 /* Main.storyboard in Resources */,
			);
			runOnlyForDeploymentPostprocessing = 0;
		};
		07B18BD12823DBFB00E059D2 /* Resources */ = {
			isa = PBXResourcesBuildPhase;
			buildActionMask = 2147483647;
			files = (
			);
			runOnlyForDeploymentPostprocessing = 0;
		};
		07B18BDB2823DBFB00E059D2 /* Resources */ = {
			isa = PBXResourcesBuildPhase;
			buildActionMask = 2147483647;
			files = (
			);
			runOnlyForDeploymentPostprocessing = 0;
		};
/* End PBXResourcesBuildPhase section */

/* Begin PBXSourcesBuildPhase section */
		07B18BB92823DBF600E059D2 /* Sources */ = {
			isa = PBXSourcesBuildPhase;
			buildActionMask = 2147483647;
			files = (
				07B18BC52823DBF600E059D2 /* ViewController.swift in Sources */,
				07B18BC12823DBF600E059D2 /* AppDelegate.swift in Sources */,
				07B18BC32823DBF600E059D2 /* SceneDelegate.swift in Sources */,
			);
			runOnlyForDeploymentPostprocessing = 0;
		};
		07B18BCF2823DBFB00E059D2 /* Sources */ = {
			isa = PBXSourcesBuildPhase;
			buildActionMask = 2147483647;
			files = (
				07B18BD82823DBFB00E059D2 /* PorttoTests.swift in Sources */,
			);
			runOnlyForDeploymentPostprocessing = 0;
		};
		07B18BD92823DBFB00E059D2 /* Sources */ = {
			isa = PBXSourcesBuildPhase;
			buildActionMask = 2147483647;
			files = (
				07B18BE42823DBFB00E059D2 /* PorttoUITestsLaunchTests.swift in Sources */,
				07B18BE22823DBFB00E059D2 /* PorttoUITests.swift in Sources */,
			);
			runOnlyForDeploymentPostprocessing = 0;
		};
/* End PBXSourcesBuildPhase section */

/* Begin PBXTargetDependency section */
		07B18BD52823DBFB00E059D2 /* PBXTargetDependency */ = {
			isa = PBXTargetDependency;
			target = 07B18BBC2823DBF600E059D2 /* Portto */;
			targetProxy = 07B18BD42823DBFB00E059D2 /* PBXContainerItemProxy */;
		};
		07B18BDF2823DBFB00E059D2 /* PBXTargetDependency */ = {
			isa = PBXTargetDependency;
			target = 07B18BBC2823DBF600E059D2 /* Portto */;
			targetProxy = 07B18BDE2823DBFB00E059D2 /* PBXContainerItemProxy */;
		};
/* End PBXTargetDependency section */

/* Begin PBXVariantGroup section */
		07B18BC62823DBF600E059D2 /* Main.storyboard */ = {
			isa = PBXVariantGroup;
			children = (
				07B18BC72823DBF600E059D2 /* Base */,
			);
			name = Main.storyboard;
			sourceTree = "<group>";
		};
		07B18BCB2823DBFB00E059D2 /* LaunchScreen.storyboard */ = {
			isa = PBXVariantGroup;
			children = (
				07B18BCC2823DBFB00E059D2 /* Base */,
			);
			name = LaunchScreen.storyboard;
			sourceTree = "<group>";
		};
/* End PBXVariantGroup section */

/* Begin XCBuildConfiguration section */
		07B18BE52823DBFB00E059D2 /* Debug */ = {
			isa = XCBuildConfiguration;
			buildSettings = {
				ALWAYS_SEARCH_USER_PATHS = NO;
				CLANG_ANALYZER_NONNULL = YES;
				CLANG_ANALYZER_NUMBER_OBJECT_CONVERSION = YES_AGGRESSIVE;
				CLANG_CXX_LANGUAGE_STANDARD = "gnu++17";
				CLANG_CXX_LIBRARY = "libc++";
				CLANG_ENABLE_MODULES = YES;
				CLANG_ENABLE_OBJC_ARC = YES;
				CLANG_ENABLE_OBJC_WEAK = YES;
				CLANG_WARN_BLOCK_CAPTURE_AUTORELEASING = YES;
				CLANG_WARN_BOOL_CONVERSION = YES;
				CLANG_WARN_COMMA = YES;
				CLANG_WARN_CONSTANT_CONVERSION = YES;
				CLANG_WARN_DEPRECATED_OBJC_IMPLEMENTATIONS = YES;
				CLANG_WARN_DIRECT_OBJC_ISA_USAGE = YES_ERROR;
				CLANG_WARN_DOCUMENTATION_COMMENTS = YES;
				CLANG_WARN_EMPTY_BODY = YES;
				CLANG_WARN_ENUM_CONVERSION = YES;
				CLANG_WARN_INFINITE_RECURSION = YES;
				CLANG_WARN_INT_CONVERSION = YES;
				CLANG_WARN_NON_LITERAL_NULL_CONVERSION = YES;
				CLANG_WARN_OBJC_IMPLICIT_RETAIN_SELF = YES;
				CLANG_WARN_OBJC_LITERAL_CONVERSION = YES;
				CLANG_WARN_OBJC_ROOT_CLASS = YES_ERROR;
				CLANG_WARN_QUOTED_INCLUDE_IN_FRAMEWORK_HEADER = YES;
				CLANG_WARN_RANGE_LOOP_ANALYSIS = YES;
				CLANG_WARN_STRICT_PROTOTYPES = YES;
				CLANG_WARN_SUSPICIOUS_MOVE = YES;
				CLANG_WARN_UNGUARDED_AVAILABILITY = YES_AGGRESSIVE;
				CLANG_WARN_UNREACHABLE_CODE = YES;
				CLANG_WARN__DUPLICATE_METHOD_MATCH = YES;
				COPY_PHASE_STRIP = NO;
				DEBUG_INFORMATION_FORMAT = dwarf;
				ENABLE_STRICT_OBJC_MSGSEND = YES;
				ENABLE_TESTABILITY = YES;
				GCC_C_LANGUAGE_STANDARD = gnu11;
				GCC_DYNAMIC_NO_PIC = NO;
				GCC_NO_COMMON_BLOCKS = YES;
				GCC_OPTIMIZATION_LEVEL = 0;
				GCC_PREPROCESSOR_DEFINITIONS = (
					"DEBUG=1",
					"$(inherited)",
				);
				GCC_WARN_64_TO_32_BIT_CONVERSION = YES;
				GCC_WARN_ABOUT_RETURN_TYPE = YES_ERROR;
				GCC_WARN_UNDECLARED_SELECTOR = YES;
				GCC_WARN_UNINITIALIZED_AUTOS = YES_AGGRESSIVE;
				GCC_WARN_UNUSED_FUNCTION = YES;
				GCC_WARN_UNUSED_VARIABLE = YES;
				IPHONEOS_DEPLOYMENT_TARGET = 15.2;
				MTL_ENABLE_DEBUG_INFO = INCLUDE_SOURCE;
				MTL_FAST_MATH = YES;
				ONLY_ACTIVE_ARCH = YES;
				SDKROOT = iphoneos;
				SWIFT_ACTIVE_COMPILATION_CONDITIONS = DEBUG;
				SWIFT_OPTIMIZATION_LEVEL = "-Onone";
			};
			name = Debug;
		};
		07B18BE62823DBFB00E059D2 /* Release */ = {
			isa = XCBuildConfiguration;
			buildSettings = {
				ALWAYS_SEARCH_USER_PATHS = NO;
				CLANG_ANALYZER_NONNULL = YES;
				CLANG_ANALYZER_NUMBER_OBJECT_CONVERSION = YES_AGGRESSIVE;
				CLANG_CXX_LANGUAGE_STANDARD = "gnu++17";
				CLANG_CXX_LIBRARY = "libc++";
				CLANG_ENABLE_MODULES = YES;
				CLANG_ENABLE_OBJC_ARC = YES;
				CLANG_ENABLE_OBJC_WEAK = YES;
				CLANG_WARN_BLOCK_CAPTURE_AUTORELEASING = YES;
				CLANG_WARN_BOOL_CONVERSION = YES;
				CLANG_WARN_COMMA = YES;
				CLANG_WARN_CONSTANT_CONVERSION = YES;
				CLANG_WARN_DEPRECATED_OBJC_IMPLEMENTATIONS = YES;
				CLANG_WARN_DIRECT_OBJC_ISA_USAGE = YES_ERROR;
				CLANG_WARN_DOCUMENTATION_COMMENTS = YES;
				CLANG_WARN_EMPTY_BODY = YES;
				CLANG_WARN_ENUM_CONVERSION = YES;
				CLANG_WARN_INFINITE_RECURSION = YES;
				CLANG_WARN_INT_CONVERSION = YES;
				CLANG_WARN_NON_LITERAL_NULL_CONVERSION = YES;
				CLANG_WARN_OBJC_IMPLICIT_RETAIN_SELF = YES;
				CLANG_WARN_OBJC_LITERAL_CONVERSION = YES;
				CLANG_WARN_OBJC_ROOT_CLASS = YES_ERROR;
				CLANG_WARN_QUOTED_INCLUDE_IN_FRAMEWORK_HEADER = YES;
				CLANG_WARN_RANGE_LOOP_ANALYSIS = YES;
				CLANG_WARN_STRICT_PROTOTYPES = YES;
				CLANG_WARN_SUSPICIOUS_MOVE = YES;
				CLANG_WARN_UNGUARDED_AVAILABILITY = YES_AGGRESSIVE;
				CLANG_WARN_UNREACHABLE_CODE = YES;
				CLANG_WARN__DUPLICATE_METHOD_MATCH = YES;
				COPY_PHASE_STRIP = NO;
				DEBUG_INFORMATION_FORMAT = "dwarf-with-dsym";
				ENABLE_NS_ASSERTIONS = NO;
				ENABLE_STRICT_OBJC_MSGSEND = YES;
				GCC_C_LANGUAGE_STANDARD = gnu11;
				GCC_NO_COMMON_BLOCKS = YES;
				GCC_WARN_64_TO_32_BIT_CONVERSION = YES;
				GCC_WARN_ABOUT_RETURN_TYPE = YES_ERROR;
				GCC_WARN_UNDECLARED_SELECTOR = YES;
				GCC_WARN_UNINITIALIZED_AUTOS = YES_AGGRESSIVE;
				GCC_WARN_UNUSED_FUNCTION = YES;
				GCC_WARN_UNUSED_VARIABLE = YES;
				IPHONEOS_DEPLOYMENT_TARGET = 15.2;
				MTL_ENABLE_DEBUG_INFO = NO;
				MTL_FAST_MATH = YES;
				SDKROOT = iphoneos;
				SWIFT_COMPILATION_MODE = wholemodule;
				SWIFT_OPTIMIZATION_LEVEL = "-O";
				VALIDATE_PRODUCT = YES;
			};
			name = Release;
		};
		07B18BE82823DBFB00E059D2 /* Debug */ = {
			isa = XCBuildConfiguration;
			buildSettings = {
				ASSETCATALOG_COMPILER_APPICON_NAME = AppIcon;
				ASSETCATALOG_COMPILER_GLOBAL_ACCENT_COLOR_NAME = AccentColor;
				CODE_SIGN_STYLE = Automatic;
				CURRENT_PROJECT_VERSION = 1;
				DEVELOPMENT_TEAM = ENRC83S233;
				GENERATE_INFOPLIST_FILE = YES;
				INFOPLIST_FILE = Portto/Info.plist;
				INFOPLIST_KEY_UIApplicationSupportsIndirectInputEvents = YES;
				INFOPLIST_KEY_UILaunchStoryboardName = LaunchScreen;
				INFOPLIST_KEY_UIMainStoryboardFile = Main;
				INFOPLIST_KEY_UISupportedInterfaceOrientations_iPad = "UIInterfaceOrientationPortrait UIInterfaceOrientationPortraitUpsideDown UIInterfaceOrientationLandscapeLeft UIInterfaceOrientationLandscapeRight";
				INFOPLIST_KEY_UISupportedInterfaceOrientations_iPhone = "UIInterfaceOrientationPortrait UIInterfaceOrientationLandscapeLeft UIInterfaceOrientationLandscapeRight";
				LD_RUNPATH_SEARCH_PATHS = (
					"$(inherited)",
					"@executable_path/Frameworks",
				);
				MARKETING_VERSION = 1.0;
				PRODUCT_BUNDLE_IDENTIFIER = com.sticker.store.Portto;
				PRODUCT_NAME = "$(TARGET_NAME)";
				SWIFT_EMIT_LOC_STRINGS = YES;
				SWIFT_VERSION = 5.0;
				TARGETED_DEVICE_FAMILY = "1,2";
			};
			name = Debug;
		};
		07B18BE92823DBFB00E059D2 /* Release */ = {
			isa = XCBuildConfiguration;
			buildSettings = {
				ASSETCATALOG_COMPILER_APPICON_NAME = AppIcon;
				ASSETCATALOG_COMPILER_GLOBAL_ACCENT_COLOR_NAME = AccentColor;
				CODE_SIGN_STYLE = Automatic;
				CURRENT_PROJECT_VERSION = 1;
				DEVELOPMENT_TEAM = ENRC83S233;
				GENERATE_INFOPLIST_FILE = YES;
				INFOPLIST_FILE = Portto/Info.plist;
				INFOPLIST_KEY_UIApplicationSupportsIndirectInputEvents = YES;
				INFOPLIST_KEY_UILaunchStoryboardName = LaunchScreen;
				INFOPLIST_KEY_UIMainStoryboardFile = Main;
				INFOPLIST_KEY_UISupportedInterfaceOrientations_iPad = "UIInterfaceOrientationPortrait UIInterfaceOrientationPortraitUpsideDown UIInterfaceOrientationLandscapeLeft UIInterfaceOrientationLandscapeRight";
				INFOPLIST_KEY_UISupportedInterfaceOrientations_iPhone = "UIInterfaceOrientationPortrait UIInterfaceOrientationLandscapeLeft UIInterfaceOrientationLandscapeRight";
				LD_RUNPATH_SEARCH_PATHS = (
					"$(inherited)",
					"@executable_path/Frameworks",
				);
				MARKETING_VERSION = 1.0;
				PRODUCT_BUNDLE_IDENTIFIER = com.sticker.store.Portto;
				PRODUCT_NAME = "$(TARGET_NAME)";
				SWIFT_EMIT_LOC_STRINGS = YES;
				SWIFT_VERSION = 5.0;
				TARGETED_DEVICE_FAMILY = "1,2";
			};
			name = Release;
		};
		07B18BEB2823DBFB00E059D2 /* Debug */ = {
			isa = XCBuildConfiguration;
			buildSettings = {
				ALWAYS_EMBED_SWIFT_STANDARD_LIBRARIES = YES;
				BUNDLE_LOADER = "$(TEST_HOST)";
				CODE_SIGN_STYLE = Automatic;
				CURRENT_PROJECT_VERSION = 1;
				DEVELOPMENT_TEAM = ENRC83S233;
				GENERATE_INFOPLIST_FILE = YES;
				IPHONEOS_DEPLOYMENT_TARGET = 15.2;
				MARKETING_VERSION = 1.0;
				PRODUCT_BUNDLE_IDENTIFIER = com.sticker.store.PorttoTests;
				PRODUCT_NAME = "$(TARGET_NAME)";
				SWIFT_EMIT_LOC_STRINGS = NO;
				SWIFT_VERSION = 5.0;
				TARGETED_DEVICE_FAMILY = "1,2";
				TEST_HOST = "$(BUILT_PRODUCTS_DIR)/Portto.app/Portto";
			};
			name = Debug;
		};
		07B18BEC2823DBFB00E059D2 /* Release */ = {
			isa = XCBuildConfiguration;
			buildSettings = {
				ALWAYS_EMBED_SWIFT_STANDARD_LIBRARIES = YES;
				BUNDLE_LOADER = "$(TEST_HOST)";
				CODE_SIGN_STYLE = Automatic;
				CURRENT_PROJECT_VERSION = 1;
				DEVELOPMENT_TEAM = ENRC83S233;
				GENERATE_INFOPLIST_FILE = YES;
				IPHONEOS_DEPLOYMENT_TARGET = 15.2;
				MARKETING_VERSION = 1.0;
				PRODUCT_BUNDLE_IDENTIFIER = com.sticker.store.PorttoTests;
				PRODUCT_NAME = "$(TARGET_NAME)";
				SWIFT_EMIT_LOC_STRINGS = NO;
				SWIFT_VERSION = 5.0;
				TARGETED_DEVICE_FAMILY = "1,2";
				TEST_HOST = "$(BUILT_PRODUCTS_DIR)/Portto.app/Portto";
			};
			name = Release;
		};
		07B18BEE2823DBFB00E059D2 /* Debug */ = {
			isa = XCBuildConfiguration;
			buildSettings = {
				ALWAYS_EMBED_SWIFT_STANDARD_LIBRARIES = YES;
				CODE_SIGN_STYLE = Automatic;
				CURRENT_PROJECT_VERSION = 1;
				DEVELOPMENT_TEAM = ENRC83S233;
				GENERATE_INFOPLIST_FILE = YES;
				MARKETING_VERSION = 1.0;
				PRODUCT_BUNDLE_IDENTIFIER = com.sticker.store.PorttoUITests;
				PRODUCT_NAME = "$(TARGET_NAME)";
				SWIFT_EMIT_LOC_STRINGS = NO;
				SWIFT_VERSION = 5.0;
				TARGETED_DEVICE_FAMILY = "1,2";
				TEST_TARGET_NAME = Portto;
			};
			name = Debug;
		};
		07B18BEF2823DBFB00E059D2 /* Release */ = {
			isa = XCBuildConfiguration;
			buildSettings = {
				ALWAYS_EMBED_SWIFT_STANDARD_LIBRARIES = YES;
				CODE_SIGN_STYLE = Automatic;
				CURRENT_PROJECT_VERSION = 1;
				DEVELOPMENT_TEAM = ENRC83S233;
				GENERATE_INFOPLIST_FILE = YES;
				MARKETING_VERSION = 1.0;
				PRODUCT_BUNDLE_IDENTIFIER = com.sticker.store.PorttoUITests;
				PRODUCT_NAME = "$(TARGET_NAME)";
				SWIFT_EMIT_LOC_STRINGS = NO;
				SWIFT_VERSION = 5.0;
				TARGETED_DEVICE_FAMILY = "1,2";
				TEST_TARGET_NAME = Portto;
			};
			name = Release;
		};
/* End XCBuildConfiguration section */

/* Begin XCConfigurationList section */
		07B18BB82823DBF600E059D2 /* Build configuration list for PBXProject "Portto" */ = {
			isa = XCConfigurationList;
			buildConfigurations = (
				07B18BE52823DBFB00E059D2 /* Debug */,
				07B18BE62823DBFB00E059D2 /* Release */,
			);
			defaultConfigurationIsVisible = 0;
			defaultConfigurationName = Release;
		};
		07B18BE72823DBFB00E059D2 /* Build configuration list for PBXNativeTarget "Portto" */ = {
			isa = XCConfigurationList;
			buildConfigurations = (
				07B18BE82823DBFB00E059D2 /* Debug */,
				07B18BE92823DBFB00E059D2 /* Release */,
			);
			defaultConfigurationIsVisible = 0;
			defaultConfigurationName = Release;
		};
		07B18BEA2823DBFB00E059D2 /* Build configuration list for PBXNativeTarget "PorttoTests" */ = {
			isa = XCConfigurationList;
			buildConfigurations = (
				07B18BEB2823DBFB00E059D2 /* Debug */,
				07B18BEC2823DBFB00E059D2 /* Release */,
			);
			defaultConfigurationIsVisible = 0;
			defaultConfigurationName = Release;
		};
		07B18BED2823DBFB00E059D2 /* Build configuration list for PBXNativeTarget "PorttoUITests" */ = {
			isa = XCConfigurationList;
			buildConfigurations = (
				07B18BEE2823DBFB00E059D2 /* Debug */,
				07B18BEF2823DBFB00E059D2 /* Release */,
			);
			defaultConfigurationIsVisible = 0;
			defaultConfigurationName = Release;
		};
/* End XCConfigurationList section */
	};
	rootObject = 07B18BB52823DBF600E059D2 /* Project object */;
}
